
Microsoft Visual Studio Solution File, Format Version 12.00
# Visual Studio Version 17
VisualStudioVersion = 17.11.35303.130
MinimumVisualStudioVersion = 10.0.40219.1
Project("{FAE04EC0-301F-11D3-BF4B-00C04F79EFBC}") = "smis-app", "smis-app.csproj", "{B0162319-41E2-4D7D-A79B-0B408B0A9822}"
EndProject
Global
	GlobalSection(SolutionConfigurationPlatforms) = preSolution
		Debug|Any CPU = Debug|Any CPU
		Release|Any CPU = Release|Any CPU
	EndGlobalSection
	GlobalSection(ProjectConfigurationPlatforms) = postSolution
		{B0162319-41E2-4D7D-A79B-0B408B0A9822}.Debug|Any CPU.ActiveCfg = Debug|Any CPU
		{B0162319-41E2-4D7D-A79B-0B408B0A9822}.Debug|Any CPU.Build.0 = Debug|Any CPU
		{B0162319-41E2-4D7D-A79B-0B408B0A9822}.Release|Any CPU.ActiveCfg = Release|Any CPU
		{B0162319-41E2-4D7D-A79B-0B408B0A9822}.Release|Any CPU.Build.0 = Release|Any CPU
	EndGlobalSection
	GlobalSection(SolutionProperties) = preSolution
		HideSolutionNode = FALSE
	EndGlobalSection
	GlobalSection(ExtensibilityGlobals) = postSolution
		SolutionGuid = {3636C644-9F63-48FA-B885-C8D5CFB9D77B}
	EndGlobalSection
EndGlobal
