
Microsoft Visual Studio Solution File, Format Version 12.00
# Visual Studio Version 17
VisualStudioVersion = 17.10.34916.146
MinimumVisualStudioVersion = 10.0.40219.1
Project("{FAE04EC0-301F-11D3-BF4B-00C04F79EFBC}") = "api", "api.csproj", "{E9A40840-33D5-485F-B54E-BF211AB2B68B}"
EndProject
Global
	GlobalSection(SolutionConfigurationPlatforms) = preSolution
		Debug|Any CPU = Debug|Any CPU
		Release|Any CPU = Release|Any CPU
	EndGlobalSection
	GlobalSection(ProjectConfigurationPlatforms) = postSolution
		{E9A40840-33D5-485F-B54E-BF211AB2B68B}.Debug|Any CPU.ActiveCfg = Debug|Any CPU
		{E9A40840-33D5-485F-B54E-BF211AB2B68B}.Debug|Any CPU.Build.0 = Debug|Any CPU
		{E9A40840-33D5-485F-B54E-BF211AB2B68B}.Release|Any CPU.ActiveCfg = Release|Any CPU
		{E9A40840-33D5-485F-B54E-BF211AB2B68B}.Release|Any CPU.Build.0 = Release|Any CPU
	EndGlobalSection
	GlobalSection(SolutionProperties) = preSolution
		HideSolutionNode = FALSE
	EndGlobalSection
	GlobalSection(ExtensibilityGlobals) = postSolution
		SolutionGuid = {0C48FF9A-B2DA-4CD2-B8B1-AFA44E9B7A21}
	EndGlobalSection
EndGlobal
